// !$*UTF8*$!
{
	archiveVersion = 1;
	classes = {
	};
	objectVersion = 55;
	objects = {

/* Begin PBXBuildFile section */
		284C86CF28B5FF2700EA16B8 /* AppDelegate.swift in Sources */ = {isa = PBXBuildFile; fileRef = 284C86CE28B5FF2700EA16B8 /* AppDelegate.swift */; };
		284C86D128B5FF2700EA16B8 /* SceneDelegate.swift in Sources */ = {isa = PBXBuildFile; fileRef = 284C86D028B5FF2700EA16B8 /* SceneDelegate.swift */; };
		284C86D328B5FF2700EA16B8 /* ViewController.swift in Sources */ = {isa = PBXBuildFile; fileRef = 284C86D228B5FF2700EA16B8 /* ViewController.swift */; };
		284C86D628B5FF2700EA16B8 /* Main.storyboard in Resources */ = {isa = PBXBuildFile; fileRef = 284C86D428B5FF2700EA16B8 /* Main.storyboard */; };
		284C86D828B5FF2800EA16B8 /* Assets.xcassets in Resources */ = {isa = PBXBuildFile; fileRef = 284C86D728B5FF2800EA16B8 /* Assets.xcassets */; };
		284C86DB28B5FF2800EA16B8 /* LaunchScreen.storyboard in Resources */ = {isa = PBXBuildFile; fileRef = 284C86D928B5FF2800EA16B8 /* LaunchScreen.storyboard */; };
		284C86F028B5FF2800EA16B8 /* testunitsUITests.swift in Sources */ = {isa = PBXBuildFile; fileRef = 284C86EF28B5FF2800EA16B8 /* testunitsUITests.swift */; };
		284C86F228B5FF2800EA16B8 /* testunitsUITestsLaunchTests.swift in Sources */ = {isa = PBXBuildFile; fileRef = 284C86F128B5FF2800EA16B8 /* testunitsUITestsLaunchTests.swift */; };
		284C86FF28B5FFD700EA16B8 /* MovieStructTest.swift in Sources */ = {isa = PBXBuildFile; fileRef = 284C86FE28B5FFD700EA16B8 /* MovieStructTest.swift */; };
		284C870128B6012500EA16B8 /* Movie.swift in Sources */ = {isa = PBXBuildFile; fileRef = 284C870028B6012500EA16B8 /* Movie.swift */; };
		284C870728B6AD5500EA16B8 /* MovieManagerTests.swift in Sources */ = {isa = PBXBuildFile; fileRef = 284C870628B6AD5500EA16B8 /* MovieManagerTests.swift */; };
		284C870928B6AFBD00EA16B8 /* MovieManger.swift in Sources */ = {isa = PBXBuildFile; fileRef = 284C870828B6AFBD00EA16B8 /* MovieManger.swift */; };
/* End PBXBuildFile section */

/* Begin PBXContainerItemProxy section */
		284C86E228B5FF2800EA16B8 /* PBXContainerItemProxy */ = {
			isa = PBXContainerItemProxy;
			containerPortal = 284C86C328B5FF2600EA16B8 /* Project object */;
			proxyType = 1;
			remoteGlobalIDString = 284C86CA28B5FF2700EA16B8;
			remoteInfo = testunits;
		};
		284C86EC28B5FF2800EA16B8 /* PBXContainerItemProxy */ = {
			isa = PBXContainerItemProxy;
			containerPortal = 284C86C328B5FF2600EA16B8 /* Project object */;
			proxyType = 1;
			remoteGlobalIDString = 284C86CA28B5FF2700EA16B8;
			remoteInfo = testunits;
		};
/* End PBXContainerItemProxy section */

/* Begin PBXFileReference section */
		284C86CB28B5FF2700EA16B8 /* testunits.app */ = {isa = PBXFileReference; explicitFileType = wrapper.application; includeInIndex = 0; path = testunits.app; sourceTree = BUILT_PRODUCTS_DIR; };
		284C86CE28B5FF2700EA16B8 /* AppDelegate.swift */ = {isa = PBXFileReference; lastKnownFileType = sourcecode.swift; path = AppDelegate.swift; sourceTree = "<group>"; };
		284C86D028B5FF2700EA16B8 /* SceneDelegate.swift */ = {isa = PBXFileReference; lastKnownFileType = sourcecode.swift; path = SceneDelegate.swift; sourceTree = "<group>"; };
		284C86D228B5FF2700EA16B8 /* ViewController.swift */ = {isa = PBXFileReference; lastKnownFileType = sourcecode.swift; path = ViewController.swift; sourceTree = "<group>"; };
		284C86D528B5FF2700EA16B8 /* Base */ = {isa = PBXFileReference; lastKnownFileType = file.storyboard; name = Base; path = Base.lproj/Main.storyboard; sourceTree = "<group>"; };
		284C86D728B5FF2800EA16B8 /* Assets.xcassets */ = {isa = PBXFileReference; lastKnownFileType = folder.assetcatalog; path = Assets.xcassets; sourceTree = "<group>"; };
		284C86DA28B5FF2800EA16B8 /* Base */ = {isa = PBXFileReference; lastKnownFileType = file.storyboard; name = Base; path = Base.lproj/LaunchScreen.storyboard; sourceTree = "<group>"; };
		284C86DC28B5FF2800EA16B8 /* Info.plist */ = {isa = PBXFileReference; lastKnownFileType = text.plist.xml; path = Info.plist; sourceTree = "<group>"; };
		284C86E128B5FF2800EA16B8 /* testunitsTests.xctest */ = {isa = PBXFileReference; explicitFileType = wrapper.cfbundle; includeInIndex = 0; path = testunitsTests.xctest; sourceTree = BUILT_PRODUCTS_DIR; };
		284C86EB28B5FF2800EA16B8 /* testunitsUITests.xctest */ = {isa = PBXFileReference; explicitFileType = wrapper.cfbundle; includeInIndex = 0; path = testunitsUITests.xctest; sourceTree = BUILT_PRODUCTS_DIR; };
		284C86EF28B5FF2800EA16B8 /* testunitsUITests.swift */ = {isa = PBXFileReference; lastKnownFileType = sourcecode.swift; path = testunitsUITests.swift; sourceTree = "<group>"; };
		284C86F128B5FF2800EA16B8 /* testunitsUITestsLaunchTests.swift */ = {isa = PBXFileReference; lastKnownFileType = sourcecode.swift; path = testunitsUITestsLaunchTests.swift; sourceTree = "<group>"; };
		284C86FE28B5FFD700EA16B8 /* MovieStructTest.swift */ = {isa = PBXFileReference; lastKnownFileType = sourcecode.swift; path = MovieStructTest.swift; sourceTree = "<group>"; };
		284C870028B6012500EA16B8 /* Movie.swift */ = {isa = PBXFileReference; lastKnownFileType = sourcecode.swift; path = Movie.swift; sourceTree = "<group>"; };
		284C870628B6AD5500EA16B8 /* MovieManagerTests.swift */ = {isa = PBXFileReference; lastKnownFileType = sourcecode.swift; path = MovieManagerTests.swift; sourceTree = "<group>"; };
		284C870828B6AFBD00EA16B8 /* MovieManger.swift */ = {isa = PBXFileReference; lastKnownFileType = sourcecode.swift; path = MovieManger.swift; sourceTree = "<group>"; };
/* End PBXFileReference section */

/* Begin PBXFrameworksBuildPhase section */
		284C86C828B5FF2700EA16B8 /* Frameworks */ = {
			isa = PBXFrameworksBuildPhase;
			buildActionMask = 2147483647;
			files = (
			);
			runOnlyForDeploymentPostprocessing = 0;
		};
		284C86DE28B5FF2800EA16B8 /* Frameworks */ = {
			isa = PBXFrameworksBuildPhase;
			buildActionMask = 2147483647;
			files = (
			);
			runOnlyForDeploymentPostprocessing = 0;
		};
		284C86E828B5FF2800EA16B8 /* Frameworks */ = {
			isa = PBXFrameworksBuildPhase;
			buildActionMask = 2147483647;
			files = (
			);
			runOnlyForDeploymentPostprocessing = 0;
		};
/* End PBXFrameworksBuildPhase section */

/* Begin PBXGroup section */
		284C86C228B5FF2600EA16B8 = {
			isa = PBXGroup;
			children = (
				284C86CD28B5FF2700EA16B8 /* testunits */,
				284C86E428B5FF2800EA16B8 /* testunitsTests */,
				284C86EE28B5FF2800EA16B8 /* testunitsUITests */,
				284C86CC28B5FF2700EA16B8 /* Products */,
			);
			sourceTree = "<group>";
		};
		284C86CC28B5FF2700EA16B8 /* Products */ = {
			isa = PBXGroup;
			children = (
				284C86CB28B5FF2700EA16B8 /* testunits.app */,
				284C86E128B5FF2800EA16B8 /* testunitsTests.xctest */,
				284C86EB28B5FF2800EA16B8 /* testunitsUITests.xctest */,
			);
			name = Products;
			sourceTree = "<group>";
		};
		284C86CD28B5FF2700EA16B8 /* testunits */ = {
			isa = PBXGroup;
			children = (
				284C870328B6045500EA16B8 /* Controllers */,
				284C870228B6044B00EA16B8 /* Models */,
				284C86CE28B5FF2700EA16B8 /* AppDelegate.swift */,
				284C86D028B5FF2700EA16B8 /* SceneDelegate.swift */,
				284C86D428B5FF2700EA16B8 /* Main.storyboard */,
				284C86D728B5FF2800EA16B8 /* Assets.xcassets */,
				284C86D928B5FF2800EA16B8 /* LaunchScreen.storyboard */,
				284C86DC28B5FF2800EA16B8 /* Info.plist */,
			);
			path = testunits;
			sourceTree = "<group>";
		};
		284C86E428B5FF2800EA16B8 /* testunitsTests */ = {
			isa = PBXGroup;
			children = (
				284C870528B6048300EA16B8 /* TestModels */,
			);
			path = testunitsTests;
			sourceTree = "<group>";
		};
		284C86EE28B5FF2800EA16B8 /* testunitsUITests */ = {
			isa = PBXGroup;
			children = (
				284C86EF28B5FF2800EA16B8 /* testunitsUITests.swift */,
				284C86F128B5FF2800EA16B8 /* testunitsUITestsLaunchTests.swift */,
			);
			path = testunitsUITests;
			sourceTree = "<group>";
		};
		284C870228B6044B00EA16B8 /* Models */ = {
			isa = PBXGroup;
			children = (
				284C870028B6012500EA16B8 /* Movie.swift */,
				284C870828B6AFBD00EA16B8 /* MovieManger.swift */,
			);
			path = Models;
			sourceTree = "<group>";
		};
		284C870328B6045500EA16B8 /* Controllers */ = {
			isa = PBXGroup;
			children = (
				284C86D228B5FF2700EA16B8 /* ViewController.swift */,
			);
			path = Controllers;
			sourceTree = "<group>";
		};
		284C870528B6048300EA16B8 /* TestModels */ = {
			isa = PBXGroup;
			children = (
				284C86FE28B5FFD700EA16B8 /* MovieStructTest.swift */,
				284C870628B6AD5500EA16B8 /* MovieManagerTests.swift */,
			);
			path = TestModels;
			sourceTree = "<group>";
		};
/* End PBXGroup section */

/* Begin PBXNativeTarget section */
		284C86CA28B5FF2700EA16B8 /* testunits */ = {
			isa = PBXNativeTarget;
			buildConfigurationList = 284C86F528B5FF2800EA16B8 /* Build configuration list for PBXNativeTarget "testunits" */;
			buildPhases = (
				284C86C728B5FF2700EA16B8 /* Sources */,
				284C86C828B5FF2700EA16B8 /* Frameworks */,
				284C86C928B5FF2700EA16B8 /* Resources */,
			);
			buildRules = (
			);
			dependencies = (
			);
			name = testunits;
			productName = testunits;
			productReference = 284C86CB28B5FF2700EA16B8 /* testunits.app */;
			productType = "com.apple.product-type.application";
		};
		284C86E028B5FF2800EA16B8 /* testunitsTests */ = {
			isa = PBXNativeTarget;
			buildConfigurationList = 284C86F828B5FF2800EA16B8 /* Build configuration list for PBXNativeTarget "testunitsTests" */;
			buildPhases = (
				284C86DD28B5FF2800EA16B8 /* Sources */,
				284C86DE28B5FF2800EA16B8 /* Frameworks */,
				284C86DF28B5FF2800EA16B8 /* Resources */,
			);
			buildRules = (
			);
			dependencies = (
				284C86E328B5FF2800EA16B8 /* PBXTargetDependency */,
			);
			name = testunitsTests;
			productName = testunitsTests;
			productReference = 284C86E128B5FF2800EA16B8 /* testunitsTests.xctest */;
			productType = "com.apple.product-type.bundle.unit-test";
		};
		284C86EA28B5FF2800EA16B8 /* testunitsUITests */ = {
			isa = PBXNativeTarget;
			buildConfigurationList = 284C86FB28B5FF2800EA16B8 /* Build configuration list for PBXNativeTarget "testunitsUITests" */;
			buildPhases = (
				284C86E728B5FF2800EA16B8 /* Sources */,
				284C86E828B5FF2800EA16B8 /* Frameworks */,
				284C86E928B5FF2800EA16B8 /* Resources */,
			);
			buildRules = (
			);
			dependencies = (
				284C86ED28B5FF2800EA16B8 /* PBXTargetDependency */,
			);
			name = testunitsUITests;
			productName = testunitsUITests;
			productReference = 284C86EB28B5FF2800EA16B8 /* testunitsUITests.xctest */;
			productType = "com.apple.product-type.bundle.ui-testing";
		};
/* End PBXNativeTarget section */

/* Begin PBXProject section */
		284C86C328B5FF2600EA16B8 /* Project object */ = {
			isa = PBXProject;
			attributes = {
				BuildIndependentTargetsInParallel = 1;
				LastSwiftUpdateCheck = 1340;
				LastUpgradeCheck = 1340;
				TargetAttributes = {
					284C86CA28B5FF2700EA16B8 = {
						CreatedOnToolsVersion = 13.4.1;
					};
					284C86E028B5FF2800EA16B8 = {
						CreatedOnToolsVersion = 13.4.1;
						LastSwiftMigration = 1340;
						TestTargetID = 284C86CA28B5FF2700EA16B8;
					};
					284C86EA28B5FF2800EA16B8 = {
						CreatedOnToolsVersion = 13.4.1;
						TestTargetID = 284C86CA28B5FF2700EA16B8;
					};
				};
			};
			buildConfigurationList = 284C86C628B5FF2600EA16B8 /* Build configuration list for PBXProject "testunits" */;
			compatibilityVersion = "Xcode 13.0";
			developmentRegion = en;
			hasScannedForEncodings = 0;
			knownRegions = (
				en,
				Base,
			);
			mainGroup = 284C86C228B5FF2600EA16B8;
			productRefGroup = 284C86CC28B5FF2700EA16B8 /* Products */;
			projectDirPath = "";
			projectRoot = "";
			targets = (
				284C86CA28B5FF2700EA16B8 /* testunits */,
				284C86E028B5FF2800EA16B8 /* testunitsTests */,
				284C86EA28B5FF2800EA16B8 /* testunitsUITests */,
			);
		};
/* End PBXProject section */

/* Begin PBXResourcesBuildPhase section */
		284C86C928B5FF2700EA16B8 /* Resources */ = {
			isa = PBXResourcesBuildPhase;
			buildActionMask = 2147483647;
			files = (
				284C86DB28B5FF2800EA16B8 /* LaunchScreen.storyboard in Resources */,
				284C86D828B5FF2800EA16B8 /* Assets.xcassets in Resources */,
				284C86D628B5FF2700EA16B8 /* Main.storyboard in Resources */,
			);
			runOnlyForDeploymentPostprocessing = 0;
		};
		284C86DF28B5FF2800EA16B8 /* Resources */ = {
			isa = PBXResourcesBuildPhase;
			buildActionMask = 2147483647;
			files = (
			);
			runOnlyForDeploymentPostprocessing = 0;
		};
		284C86E928B5FF2800EA16B8 /* Resources */ = {
			isa = PBXResourcesBuildPhase;
			buildActionMask = 2147483647;
			files = (
			);
			runOnlyForDeploymentPostprocessing = 0;
		};
/* End PBXResourcesBuildPhase section */

/* Begin PBXSourcesBuildPhase section */
		284C86C728B5FF2700EA16B8 /* Sources */ = {
			isa = PBXSourcesBuildPhase;
			buildActionMask = 2147483647;
			files = (
				284C86D328B5FF2700EA16B8 /* ViewController.swift in Sources */,
				284C86CF28B5FF2700EA16B8 /* AppDelegate.swift in Sources */,
				284C870928B6AFBD00EA16B8 /* MovieManger.swift in Sources */,
				284C870128B6012500EA16B8 /* Movie.swift in Sources */,
				284C86D128B5FF2700EA16B8 /* SceneDelegate.swift in Sources */,
			);
			runOnlyForDeploymentPostprocessing = 0;
		};
		284C86DD28B5FF2800EA16B8 /* Sources */ = {
			isa = PBXSourcesBuildPhase;
			buildActionMask = 2147483647;
			files = (
				284C870728B6AD5500EA16B8 /* MovieManagerTests.swift in Sources */,
				284C86FF28B5FFD700EA16B8 /* MovieStructTest.swift in Sources */,
			);
			runOnlyForDeploymentPostprocessing = 0;
		};
		284C86E728B5FF2800EA16B8 /* Sources */ = {
			isa = PBXSourcesBuildPhase;
			buildActionMask = 2147483647;
			files = (
				284C86F228B5FF2800EA16B8 /* testunitsUITestsLaunchTests.swift in Sources */,
				284C86F028B5FF2800EA16B8 /* testunitsUITests.swift in Sources */,
			);
			runOnlyForDeploymentPostprocessing = 0;
		};
/* End PBXSourcesBuildPhase section */

/* Begin PBXTargetDependency section */
		284C86E328B5FF2800EA16B8 /* PBXTargetDependency */ = {
			isa = PBXTargetDependency;
			target = 284C86CA28B5FF2700EA16B8 /* testunits */;
			targetProxy = 284C86E228B5FF2800EA16B8 /* PBXContainerItemProxy */;
		};
		284C86ED28B5FF2800EA16B8 /* PBXTargetDependency */ = {
			isa = PBXTargetDependency;
			target = 284C86CA28B5FF2700EA16B8 /* testunits */;
			targetProxy = 284C86EC28B5FF2800EA16B8 /* PBXContainerItemProxy */;
		};
/* End PBXTargetDependency section */

/* Begin PBXVariantGroup section */
		284C86D428B5FF2700EA16B8 /* Main.storyboard */ = {
			isa = PBXVariantGroup;
			children = (
				284C86D528B5FF2700EA16B8 /* Base */,
			);
			name = Main.storyboard;
			sourceTree = "<group>";
		};
		284C86D928B5FF2800EA16B8 /* LaunchScreen.storyboard */ = {
			isa = PBXVariantGroup;
			children = (
				284C86DA28B5FF2800EA16B8 /* Base */,
			);
			name = LaunchScreen.storyboard;
			sourceTree = "<group>";
		};
/* End PBXVariantGroup section */

/* Begin XCBuildConfiguration section */
		284C86F328B5FF2800EA16B8 /* Debug */ = {
			isa = XCBuildConfiguration;
			buildSettings = {
				ALWAYS_SEARCH_USER_PATHS = NO;
				CLANG_ANALYZER_NONNULL = YES;
				CLANG_ANALYZER_NUMBER_OBJECT_CONVERSION = YES_AGGRESSIVE;
				CLANG_CXX_LANGUAGE_STANDARD = "gnu++17";
				CLANG_ENABLE_MODULES = YES;
				CLANG_ENABLE_OBJC_ARC = YES;
				CLANG_ENABLE_OBJC_WEAK = YES;
				CLANG_WARN_BLOCK_CAPTURE_AUTORELEASING = YES;
				CLANG_WARN_BOOL_CONVERSION = YES;
				CLANG_WARN_COMMA = YES;
				CLANG_WARN_CONSTANT_CONVERSION = YES;
				CLANG_WARN_DEPRECATED_OBJC_IMPLEMENTATIONS = YES;
				CLANG_WARN_DIRECT_OBJC_ISA_USAGE = YES_ERROR;
				CLANG_WARN_DOCUMENTATION_COMMENTS = YES;
				CLANG_WARN_EMPTY_BODY = YES;
				CLANG_WARN_ENUM_CONVERSION = YES;
				CLANG_WARN_INFINITE_RECURSION = YES;
				CLANG_WARN_INT_CONVERSION = YES;
				CLANG_WARN_NON_LITERAL_NULL_CONVERSION = YES;
				CLANG_WARN_OBJC_IMPLICIT_RETAIN_SELF = YES;
				CLANG_WARN_OBJC_LITERAL_CONVERSION = YES;
				CLANG_WARN_OBJC_ROOT_CLASS = YES_ERROR;
				CLANG_WARN_QUOTED_INCLUDE_IN_FRAMEWORK_HEADER = YES;
				CLANG_WARN_RANGE_LOOP_ANALYSIS = YES;
				CLANG_WARN_STRICT_PROTOTYPES = YES;
				CLANG_WARN_SUSPICIOUS_MOVE = YES;
				CLANG_WARN_UNGUARDED_AVAILABILITY = YES_AGGRESSIVE;
				CLANG_WARN_UNREACHABLE_CODE = YES;
				CLANG_WARN__DUPLICATE_METHOD_MATCH = YES;
				COPY_PHASE_STRIP = NO;
				DEBUG_INFORMATION_FORMAT = dwarf;
				ENABLE_STRICT_OBJC_MSGSEND = YES;
				ENABLE_TESTABILITY = YES;
				GCC_C_LANGUAGE_STANDARD = gnu11;
				GCC_DYNAMIC_NO_PIC = NO;
				GCC_NO_COMMON_BLOCKS = YES;
				GCC_OPTIMIZATION_LEVEL = 0;
				GCC_PREPROCESSOR_DEFINITIONS = (
					"DEBUG=1",
					"$(inherited)",
				);
				GCC_WARN_64_TO_32_BIT_CONVERSION = YES;
				GCC_WARN_ABOUT_RETURN_TYPE = YES_ERROR;
				GCC_WARN_UNDECLARED_SELECTOR = YES;
				GCC_WARN_UNINITIALIZED_AUTOS = YES_AGGRESSIVE;
				GCC_WARN_UNUSED_FUNCTION = YES;
				GCC_WARN_UNUSED_VARIABLE = YES;
				IPHONEOS_DEPLOYMENT_TARGET = 15.5;
				MTL_ENABLE_DEBUG_INFO = INCLUDE_SOURCE;
				MTL_FAST_MATH = YES;
				ONLY_ACTIVE_ARCH = YES;
				SDKROOT = iphoneos;
				SWIFT_ACTIVE_COMPILATION_CONDITIONS = DEBUG;
				SWIFT_OPTIMIZATION_LEVEL = "-Onone";
			};
			name = Debug;
		};
		284C86F428B5FF2800EA16B8 /* Release */ = {
			isa = XCBuildConfiguration;
			buildSettings = {
				ALWAYS_SEARCH_USER_PATHS = NO;
				CLANG_ANALYZER_NONNULL = YES;
				CLANG_ANALYZER_NUMBER_OBJECT_CONVERSION = YES_AGGRESSIVE;
				CLANG_CXX_LANGUAGE_STANDARD = "gnu++17";
				CLANG_ENABLE_MODULES = YES;
				CLANG_ENABLE_OBJC_ARC = YES;
				CLANG_ENABLE_OBJC_WEAK = YES;
				CLANG_WARN_BLOCK_CAPTURE_AUTORELEASING = YES;
				CLANG_WARN_BOOL_CONVERSION = YES;
				CLANG_WARN_COMMA = YES;
				CLANG_WARN_CONSTANT_CONVERSION = YES;
				CLANG_WARN_DEPRECATED_OBJC_IMPLEMENTATIONS = YES;
				CLANG_WARN_DIRECT_OBJC_ISA_USAGE = YES_ERROR;
				CLANG_WARN_DOCUMENTATION_COMMENTS = YES;
				CLANG_WARN_EMPTY_BODY = YES;
				CLANG_WARN_ENUM_CONVERSION = YES;
				CLANG_WARN_INFINITE_RECURSION = YES;
				CLANG_WARN_INT_CONVERSION = YES;
				CLANG_WARN_NON_LITERAL_NULL_CONVERSION = YES;
				CLANG_WARN_OBJC_IMPLICIT_RETAIN_SELF = YES;
				CLANG_WARN_OBJC_LITERAL_CONVERSION = YES;
				CLANG_WARN_OBJC_ROOT_CLASS = YES_ERROR;
				CLANG_WARN_QUOTED_INCLUDE_IN_FRAMEWORK_HEADER = YES;
				CLANG_WARN_RANGE_LOOP_ANALYSIS = YES;
				CLANG_WARN_STRICT_PROTOTYPES = YES;
				CLANG_WARN_SUSPICIOUS_MOVE = YES;
				CLANG_WARN_UNGUARDED_AVAILABILITY = YES_AGGRESSIVE;
				CLANG_WARN_UNREACHABLE_CODE = YES;
				CLANG_WARN__DUPLICATE_METHOD_MATCH = YES;
				COPY_PHASE_STRIP = NO;
				DEBUG_INFORMATION_FORMAT = "dwarf-with-dsym";
				ENABLE_NS_ASSERTIONS = NO;
				ENABLE_STRICT_OBJC_MSGSEND = YES;
				GCC_C_LANGUAGE_STANDARD = gnu11;
				GCC_NO_COMMON_BLOCKS = YES;
				GCC_WARN_64_TO_32_BIT_CONVERSION = YES;
				GCC_WARN_ABOUT_RETURN_TYPE = YES_ERROR;
				GCC_WARN_UNDECLARED_SELECTOR = YES;
				GCC_WARN_UNINITIALIZED_AUTOS = YES_AGGRESSIVE;
				GCC_WARN_UNUSED_FUNCTION = YES;
				GCC_WARN_UNUSED_VARIABLE = YES;
				IPHONEOS_DEPLOYMENT_TARGET = 15.5;
				MTL_ENABLE_DEBUG_INFO = NO;
				MTL_FAST_MATH = YES;
				SDKROOT = iphoneos;
				SWIFT_COMPILATION_MODE = wholemodule;
				SWIFT_OPTIMIZATION_LEVEL = "-O";
				VALIDATE_PRODUCT = YES;
			};
			name = Release;
		};
		284C86F628B5FF2800EA16B8 /* Debug */ = {
			isa = XCBuildConfiguration;
			buildSettings = {
				ASSETCATALOG_COMPILER_APPICON_NAME = AppIcon;
				ASSETCATALOG_COMPILER_GLOBAL_ACCENT_COLOR_NAME = AccentColor;
				CODE_SIGN_STYLE = Automatic;
				CURRENT_PROJECT_VERSION = 1;
				DEVELOPMENT_TEAM = PB7Q9HXT8D;
				GENERATE_INFOPLIST_FILE = YES;
				INFOPLIST_FILE = testunits/Info.plist;
				INFOPLIST_KEY_UIApplicationSupportsIndirectInputEvents = YES;
				INFOPLIST_KEY_UILaunchStoryboardName = LaunchScreen;
				INFOPLIST_KEY_UIMainStoryboardFile = Main;
				INFOPLIST_KEY_UISupportedInterfaceOrientations_iPad = "UIInterfaceOrientationPortrait UIInterfaceOrientationPortraitUpsideDown UIInterfaceOrientationLandscapeLeft UIInterfaceOrientationLandscapeRight";
				INFOPLIST_KEY_UISupportedInterfaceOrientations_iPhone = "UIInterfaceOrientationPortrait UIInterfaceOrientationLandscapeLeft UIInterfaceOrientationLandscapeRight";
				LD_RUNPATH_SEARCH_PATHS = (
					"$(inherited)",
					"@executable_path/Frameworks",
				);
				MARKETING_VERSION = 1.0;
				PRODUCT_BUNDLE_IDENTIFIER = felipetavela.testunits;
				PRODUCT_NAME = "$(TARGET_NAME)";
				SWIFT_EMIT_LOC_STRINGS = YES;
				SWIFT_VERSION = 5.0;
				TARGETED_DEVICE_FAMILY = "1,2";
			};
			name = Debug;
		};
		284C86F728B5FF2800EA16B8 /* Release */ = {
			isa = XCBuildConfiguration;
			buildSettings = {
				ASSETCATALOG_COMPILER_APPICON_NAME = AppIcon;
				ASSETCATALOG_COMPILER_GLOBAL_ACCENT_COLOR_NAME = AccentColor;
				CODE_SIGN_STYLE = Automatic;
				CURRENT_PROJECT_VERSION = 1;
				DEVELOPMENT_TEAM = PB7Q9HXT8D;
				GENERATE_INFOPLIST_FILE = YES;
				INFOPLIST_FILE = testunits/Info.plist;
				INFOPLIST_KEY_UIApplicationSupportsIndirectInputEvents = YES;
				INFOPLIST_KEY_UILaunchStoryboardName = LaunchScreen;
				INFOPLIST_KEY_UIMainStoryboardFile = Main;
				INFOPLIST_KEY_UISupportedInterfaceOrientations_iPad = "UIInterfaceOrientationPortrait UIInterfaceOrientationPortraitUpsideDown UIInterfaceOrientationLandscapeLeft UIInterfaceOrientationLandscapeRight";
				INFOPLIST_KEY_UISupportedInterfaceOrientations_iPhone = "UIInterfaceOrientationPortrait UIInterfaceOrientationLandscapeLeft UIInterfaceOrientationLandscapeRight";
				LD_RUNPATH_SEARCH_PATHS = (
					"$(inherited)",
					"@executable_path/Frameworks",
				);
				MARKETING_VERSION = 1.0;
				PRODUCT_BUNDLE_IDENTIFIER = felipetavela.testunits;
				PRODUCT_NAME = "$(TARGET_NAME)";
				SWIFT_EMIT_LOC_STRINGS = YES;
				SWIFT_VERSION = 5.0;
				TARGETED_DEVICE_FAMILY = "1,2";
			};
			name = Release;
		};
		284C86F928B5FF2800EA16B8 /* Debug */ = {
			isa = XCBuildConfiguration;
			buildSettings = {
				ALWAYS_EMBED_SWIFT_STANDARD_LIBRARIES = YES;
				BUNDLE_LOADER = "$(TEST_HOST)";
				CLANG_ENABLE_MODULES = YES;
				CODE_SIGN_STYLE = Automatic;
				CURRENT_PROJECT_VERSION = 1;
				DEVELOPMENT_TEAM = PB7Q9HXT8D;
				GENERATE_INFOPLIST_FILE = YES;
				IPHONEOS_DEPLOYMENT_TARGET = 15.5;
				LD_RUNPATH_SEARCH_PATHS = (
					"$(inherited)",
					"@executable_path/Frameworks",
					"@loader_path/Frameworks",
				);
				MARKETING_VERSION = 1.0;
				PRODUCT_BUNDLE_IDENTIFIER = felipetavela.testunitsTests;
				PRODUCT_NAME = "$(TARGET_NAME)";
				SWIFT_EMIT_LOC_STRINGS = NO;
				SWIFT_OPTIMIZATION_LEVEL = "-Onone";
				SWIFT_VERSION = 5.0;
				TARGETED_DEVICE_FAMILY = "1,2";
				TEST_HOST = "$(BUILT_PRODUCTS_DIR)/testunits.app/testunits";
			};
			name = Debug;
		};
		284C86FA28B5FF2800EA16B8 /* Release */ = {
			isa = XCBuildConfiguration;
			buildSettings = {
				ALWAYS_EMBED_SWIFT_STANDARD_LIBRARIES = YES;
				BUNDLE_LOADER = "$(TEST_HOST)";
				CLANG_ENABLE_MODULES = YES;
				CODE_SIGN_STYLE = Automatic;
				CURRENT_PROJECT_VERSION = 1;
				DEVELOPMENT_TEAM = PB7Q9HXT8D;
				GENERATE_INFOPLIST_FILE = YES;
				IPHONEOS_DEPLOYMENT_TARGET = 15.5;
				LD_RUNPATH_SEARCH_PATHS = (
					"$(inherited)",
					"@executable_path/Frameworks",
					"@loader_path/Frameworks",
				);
				MARKETING_VERSION = 1.0;
				PRODUCT_BUNDLE_IDENTIFIER = felipetavela.testunitsTests;
				PRODUCT_NAME = "$(TARGET_NAME)";
				SWIFT_EMIT_LOC_STRINGS = NO;
				SWIFT_VERSION = 5.0;
				TARGETED_DEVICE_FAMILY = "1,2";
				TEST_HOST = "$(BUILT_PRODUCTS_DIR)/testunits.app/testunits";
			};
			name = Release;
		};
		284C86FC28B5FF2800EA16B8 /* Debug */ = {
			isa = XCBuildConfiguration;
			buildSettings = {
				ALWAYS_EMBED_SWIFT_STANDARD_LIBRARIES = YES;
				CODE_SIGN_STYLE = Automatic;
				CURRENT_PROJECT_VERSION = 1;
				DEVELOPMENT_TEAM = PB7Q9HXT8D;
				GENERATE_INFOPLIST_FILE = YES;
				MARKETING_VERSION = 1.0;
				PRODUCT_BUNDLE_IDENTIFIER = felipetavela.testunitsUITests;
				PRODUCT_NAME = "$(TARGET_NAME)";
				SWIFT_EMIT_LOC_STRINGS = NO;
				SWIFT_VERSION = 5.0;
				TARGETED_DEVICE_FAMILY = "1,2";
				TEST_TARGET_NAME = testunits;
			};
			name = Debug;
		};
		284C86FD28B5FF2800EA16B8 /* Release */ = {
			isa = XCBuildConfiguration;
			buildSettings = {
				ALWAYS_EMBED_SWIFT_STANDARD_LIBRARIES = YES;
				CODE_SIGN_STYLE = Automatic;
				CURRENT_PROJECT_VERSION = 1;
				DEVELOPMENT_TEAM = PB7Q9HXT8D;
				GENERATE_INFOPLIST_FILE = YES;
				MARKETING_VERSION = 1.0;
				PRODUCT_BUNDLE_IDENTIFIER = felipetavela.testunitsUITests;
				PRODUCT_NAME = "$(TARGET_NAME)";
				SWIFT_EMIT_LOC_STRINGS = NO;
				SWIFT_VERSION = 5.0;
				TARGETED_DEVICE_FAMILY = "1,2";
				TEST_TARGET_NAME = testunits;
			};
			name = Release;
		};
/* End XCBuildConfiguration section */

/* Begin XCConfigurationList section */
		284C86C628B5FF2600EA16B8 /* Build configuration list for PBXProject "testunits" */ = {
			isa = XCConfigurationList;
			buildConfigurations = (
				284C86F328B5FF2800EA16B8 /* Debug */,
				284C86F428B5FF2800EA16B8 /* Release */,
			);
			defaultConfigurationIsVisible = 0;
			defaultConfigurationName = Release;
		};
		284C86F528B5FF2800EA16B8 /* Build configuration list for PBXNativeTarget "testunits" */ = {
			isa = XCConfigurationList;
			buildConfigurations = (
				284C86F628B5FF2800EA16B8 /* Debug */,
				284C86F728B5FF2800EA16B8 /* Release */,
			);
			defaultConfigurationIsVisible = 0;
			defaultConfigurationName = Release;
		};
		284C86F828B5FF2800EA16B8 /* Build configuration list for PBXNativeTarget "testunitsTests" */ = {
			isa = XCConfigurationList;
			buildConfigurations = (
				284C86F928B5FF2800EA16B8 /* Debug */,
				284C86FA28B5FF2800EA16B8 /* Release */,
			);
			defaultConfigurationIsVisible = 0;
			defaultConfigurationName = Release;
		};
		284C86FB28B5FF2800EA16B8 /* Build configuration list for PBXNativeTarget "testunitsUITests" */ = {
			isa = XCConfigurationList;
			buildConfigurations = (
				284C86FC28B5FF2800EA16B8 /* Debug */,
				284C86FD28B5FF2800EA16B8 /* Release */,
			);
			defaultConfigurationIsVisible = 0;
			defaultConfigurationName = Release;
		};
/* End XCConfigurationList section */
	};
	rootObject = 284C86C328B5FF2600EA16B8 /* Project object */;
}
